
Microsoft Visual Studio Solution File, Format Version 12.00
# Visual Studio Version 17
VisualStudioVersion = 17.0.32014.148
MinimumVisualStudioVersion = 10.0.40219.1
Project("{FAE04EC0-301F-11D3-BF4B-00C04F79EFBC}") = "DemoJenkins", "DemoJenkins.csproj", "{498936E3-9F2F-4D18-87A6-49DC8FEBCAB6}"
EndProject
Global
	GlobalSection(SolutionConfigurationPlatforms) = preSolution
		Debug|Any CPU = Debug|Any CPU
		Release|Any CPU = Release|Any CPU
	EndGlobalSection
	GlobalSection(ProjectConfigurationPlatforms) = postSolution
		{498936E3-9F2F-4D18-87A6-49DC8FEBCAB6}.Debug|Any CPU.ActiveCfg = Debug|Any CPU
		{498936E3-9F2F-4D18-87A6-49DC8FEBCAB6}.Debug|Any CPU.Build.0 = Debug|Any CPU
		{498936E3-9F2F-4D18-87A6-49DC8FEBCAB6}.Release|Any CPU.ActiveCfg = Release|Any CPU
		{498936E3-9F2F-4D18-87A6-49DC8FEBCAB6}.Release|Any CPU.Build.0 = Release|Any CPU
	EndGlobalSection
	GlobalSection(SolutionProperties) = preSolution
		HideSolutionNode = FALSE
	EndGlobalSection
	GlobalSection(ExtensibilityGlobals) = postSolution
		SolutionGuid = {9ED18311-0100-44F6-AF44-B4E9799D8EF8}
	EndGlobalSection
EndGlobal
